PODS:
  - KingBase (0.0.4):
    - KingBase/MHTopWindow (= 0.0.4)
  - KingBase/MHTopWindow (0.0.4)
  - KingBaseCategory (0.3.3):
    - KingBase
    - KingBaseCategory/NSArray+ (= 0.3.3)
    - KingBaseCategory/NSDate+ (= 0.3.3)
    - KingBaseCategory/NSObject+ (= 0.3.3)
    - KingBaseCategory/NSString+ (= 0.3.3)
    - KingBaseCategory/UIButton+ (= 0.3.3)
    - KingBaseCategory/UIColor+ (= 0.3.3)
    - KingBaseCategory/UIFont+ (= 0.3.3)
    - KingBaseCategory/UIImage+ (= 0.3.3)
    - KingBaseCategory/UIImageView+ (= 0.3.3)
    - KingBaseCategory/UIView+ (= 0.3.3)
  - KingBaseCategory/NSArray+ (0.3.3):
    - KingBase
  - KingBaseCategory/NSDate+ (0.3.3):
    - KingBase
  - KingBaseCategory/NSObject+ (0.3.3):
    - KingBase
  - KingBaseCategory/NSString+ (0.3.3):
    - KingBase
  - KingBaseCategory/UIButton+ (0.3.3):
    - KingBase
  - KingBaseCategory/UIColor+ (0.3.3):
    - KingBase
  - KingBaseCategory/UIFont+ (0.3.3):
    - KingBase
    - KingBaseCategory/NSObject+
  - KingBaseCategory/UIImage+ (0.3.3):
    - KingBase
  - KingBaseCategory/UIImageView+ (0.3.3):
    - KingBase
  - KingBaseCategory/UIView+ (0.3.3):
    - KingBase
  - LFRoundProgressView (1.0.0)
  - MHCoreSDWebImage (0.0.7):
    - SDWebImage (~> 3.8)
  - MHCoreSVP (0.0.6):
    - KingBaseCategory/UIFont+
    - SVProgressHUD
  - MHPhotoBroswer (0.0.6):
    - KingBase
    - KingBaseCategory
    - LFRoundProgressView
    - MHCoreSDWebImage
    - MHCoreSVP
  - SDWebImage (3.8.2):
    - SDWebImage/Core (= 3.8.2)
  - SDWebImage/Core (3.8.2)
  - SVProgressHUD (2.1.2)

DEPENDENCIES:
  - MHPhotoBroswer (from `../`)

EXTERNAL SOURCES:
  MHPhotoBroswer:
    :path: ../

SPEC CHECKSUMS:
  KingBase: 798276a502bcc0678757d87559203dc8443b2bdd
  KingBaseCategory: d6b59045c9f0f347ba5b03b1381bc55f95a28ea8
  LFRoundProgressView: c4a404354fb9989ec4bc6ad2b3cde834f983d72b
  MHCoreSDWebImage: dd217ac23a1501e85a15979439719ab9d4856f74
  MHCoreSVP: 03b2cbfcc6684cbee0206e864589fe6bce25ed3a
  MHPhotoBroswer: 90f4d1cd4bb2b53b7bfcc488b2689107811572b2
  SDWebImage: 098e97e6176540799c27e804c96653ee0833d13c
  SVProgressHUD: c404a55d78acbeb7ebb78b76d3faf986475a6994

PODFILE CHECKSUM: 749d0a0cdbe7d9aa39a044658c94b8408e5ed69e

COCOAPODS: 1.1.1
