PODS:
  - KingBaseCategory (0.3.8):
    - KingBaseCategory/NSArray+ (= 0.3.8)
    - KingBaseCategory/NSDate+ (= 0.3.8)
    - KingBaseCategory/NSFileManager+ (= 0.3.8)
    - KingBaseCategory/NSObject+ (= 0.3.8)
    - KingBaseCategory/NSString+ (= 0.3.8)
    - KingBaseCategory/UIApplication+ (= 0.3.8)
    - KingBaseCategory/UIButton+ (= 0.3.8)
    - KingBaseCategory/UIColor+ (= 0.3.8)
    - KingBaseCategory/UIFont+ (= 0.3.8)
    - KingBaseCategory/UIImage+ (= 0.3.8)
    - KingBaseCategory/UIImageView+ (= 0.3.8)
    - KingBaseCategory/UIView+ (= 0.3.8)
  - KingBaseCategory/NSArray+ (0.3.8)
  - KingBaseCategory/NSDate+ (0.3.8)
  - KingBaseCategory/NSFileManager+ (0.3.8):
    - KingBaseCategory/NSDate+
  - KingBaseCategory/NSObject+ (0.3.8)
  - KingBaseCategory/NSString+ (0.3.8)
  - KingBaseCategory/UIApplication+ (0.3.8)
  - KingBaseCategory/UIButton+ (0.3.8)
  - KingBaseCategory/UIColor+ (0.3.8)
  - KingBaseCategory/UIFont+ (0.3.8):
    - KingBaseCategory/NSObject+
  - KingBaseCategory/UIImage+ (0.3.8)
  - KingBaseCategory/UIImageView+ (0.3.8)
  - KingBaseCategory/UIView+ (0.3.8)
  - LFRoundProgressView (1.0.0)
  - MHBaseConst (0.0.5)
  - MHCoreSDWebImage (0.0.8):
    - SDWebImage (~> 3.8)
  - MHCoreSVP (0.0.8):
    - KingBaseCategory/UIFont+
    - SVProgressHUD
  - MHPhotoBroswer (0.1.3):
    - KingBaseCategory
    - LFRoundProgressView
    - MHBaseConst
    - MHCoreSDWebImage
    - MHCoreSVP
    - MHToolMall/MHTopWindow
  - MHToolMall/MHTopWindow (0.0.2)
  - SDWebImage (3.8.2):
    - SDWebImage/Core (= 3.8.2)
  - SDWebImage/Core (3.8.2)
  - SVProgressHUD (2.1.2)

DEPENDENCIES:
  - MHPhotoBroswer (from `../`)

EXTERNAL SOURCES:
  MHPhotoBroswer:
    :path: ../

SPEC CHECKSUMS:
  KingBaseCategory: dd0751fd5201bab2786feaf46a33c2a57fbfb3d5
  LFRoundProgressView: c4a404354fb9989ec4bc6ad2b3cde834f983d72b
  MHBaseConst: 3fcac0b58a2b3b3c81cf0380de3b0c6a775047e6
  MHCoreSDWebImage: 534adff06da0f6bc0de29da1d642c599b810b255
  MHCoreSVP: 79e4117d29eb2da2de7e440c82a81802950d2980
  MHPhotoBroswer: 27f1388723eaeb3cefaf37990d4fbe0624a6dd2e
  MHToolMall: 5389a1c513f7f6e144cb5c80e6e8a65a86b4c023
  SDWebImage: 098e97e6176540799c27e804c96653ee0833d13c
  SVProgressHUD: c404a55d78acbeb7ebb78b76d3faf986475a6994

PODFILE CHECKSUM: 6a2d7e1303fffebc8c8dfa89380f1806db772700

COCOAPODS: 1.4.0
